Microsoft Visual Studio Solution File, Format Version 12.00
# Visual Studio Version 17
VisualStudioVersion = 17.5.2.0
MinimumVisualStudioVersion = 10.0.40219.1
Project("{FAE04EC0-301F-11D3-BF4B-00C04F79EFBC}") = "git-repo", "git-repo.csproj", "{A6DC3A99-4762-F896-2870-ACC6344B13D7}"
EndProject
Global
	GlobalSection(SolutionConfigurationPlatforms) = preSolution
		Debug|Any CPU = Debug|Any CPU
		Release|Any CPU = Release|Any CPU
	EndGlobalSection
	GlobalSection(ProjectConfigurationPlatforms) = postSolution
		{A6DC3A99-4762-F896-2870-ACC6344B13D7}.Debug|Any CPU.ActiveCfg = Debug|Any CPU
		{A6DC3A99-4762-F896-2870-ACC6344B13D7}.Debug|Any CPU.Build.0 = Debug|Any CPU
		{A6DC3A99-4762-F896-2870-ACC6344B13D7}.Release|Any CPU.ActiveCfg = Release|Any CPU
		{A6DC3A99-4762-F896-2870-ACC6344B13D7}.Release|Any CPU.Build.0 = Release|Any CPU
	EndGlobalSection
	GlobalSection(SolutionProperties) = preSolution
		HideSolutionNode = FALSE
	EndGlobalSection
	GlobalSection(ExtensibilityGlobals) = postSolution
		SolutionGuid = {4F451BE6-3F6F-438B-A625-94A64F60D74D}
	EndGlobalSection
EndGlobal
